dependencies:
- name: etcd
  repository: https://charts.bitnami.com/bitnami
  version: 12.0.18
- name: apisix-ingress-controller
  repository: file://../apisix-ingress-controller
  version: 1.1.0
digest: sha256:d0ed45669dfed44b8157b1b29e548bfd9a329765aa8cd5c1614d0961d5d1758d
generated: "2025-12-22T03:05:30.719103157Z"
